
Microsoft Visual Studio Solution File, Format Version 12.00
# Visual Studio Version 16
VisualStudioVersion = 16.0.30907.101
MinimumVisualStudioVersion = 10.0.40219.1
Project("{FAE04EC0-301F-11D3-BF4B-00C04F79EFBC}") = "taskTrayApp", "taskTrayApp\taskTrayApp.csproj", "{D26E7A20-B945-4BEB-BA20-A76DAC11266D}"
EndProject
Project("{2150E333-8FDC-42A3-9474-1A3956D46DE8}") = "Solution Items", "Solution Items", "{4D7875A9-BA64-4509-AE83-3ADF424CB77E}"
	ProjectSection(SolutionItems) = preProject
		.editorconfig = .editorconfig
	EndProjectSection
EndProject
Project("{FAE04EC0-301F-11D3-BF4B-00C04F79EFBC}") = "TaskTrayAppTest", "TaskTrayAppTest\TaskTrayAppTest.csproj", "{E7241972-A266-4C96-8AC6-B23828E17DBF}"
EndProject
Global
	GlobalSection(SolutionConfigurationPlatforms) = preSolution
		Debug|Any CPU = Debug|Any CPU
		Debug|x64 = Debug|x64
		Release|Any CPU = Release|Any CPU
		Release|x64 = Release|x64
	EndGlobalSection
	GlobalSection(ProjectConfigurationPlatforms) = postSolution
		{D26E7A20-B945-4BEB-BA20-A76DAC11266D}.Debug|Any CPU.ActiveCfg = Debug|Any CPU
		{D26E7A20-B945-4BEB-BA20-A76DAC11266D}.Debug|Any CPU.Build.0 = Debug|Any CPU
		{D26E7A20-B945-4BEB-BA20-A76DAC11266D}.Debug|x64.ActiveCfg = Debug|x64
		{D26E7A20-B945-4BEB-BA20-A76DAC11266D}.Debug|x64.Build.0 = Debug|x64
		{D26E7A20-B945-4BEB-BA20-A76DAC11266D}.Release|Any CPU.ActiveCfg = Release|Any CPU
		{D26E7A20-B945-4BEB-BA20-A76DAC11266D}.Release|Any CPU.Build.0 = Release|Any CPU
		{D26E7A20-B945-4BEB-BA20-A76DAC11266D}.Release|x64.ActiveCfg = Release|x64
		{D26E7A20-B945-4BEB-BA20-A76DAC11266D}.Release|x64.Build.0 = Release|x64
		{E7241972-A266-4C96-8AC6-B23828E17DBF}.Debug|Any CPU.ActiveCfg = Debug|Any CPU
		{E7241972-A266-4C96-8AC6-B23828E17DBF}.Debug|Any CPU.Build.0 = Debug|Any CPU
		{E7241972-A266-4C96-8AC6-B23828E17DBF}.Debug|x64.ActiveCfg = Debug|Any CPU
		{E7241972-A266-4C96-8AC6-B23828E17DBF}.Debug|x64.Build.0 = Debug|Any CPU
		{E7241972-A266-4C96-8AC6-B23828E17DBF}.Release|Any CPU.ActiveCfg = Release|Any CPU
		{E7241972-A266-4C96-8AC6-B23828E17DBF}.Release|Any CPU.Build.0 = Release|Any CPU
		{E7241972-A266-4C96-8AC6-B23828E17DBF}.Release|x64.ActiveCfg = Release|Any CPU
		{E7241972-A266-4C96-8AC6-B23828E17DBF}.Release|x64.Build.0 = Release|Any CPU
	EndGlobalSection
	GlobalSection(SolutionProperties) = preSolution
		HideSolutionNode = FALSE
	EndGlobalSection
	GlobalSection(ExtensibilityGlobals) = postSolution
		SolutionGuid = {79F44C44-D4C1-4B9E-85E4-74F0D610ED41}
	EndGlobalSection
EndGlobal
